
Microsoft Visual Studio Solution File, Format Version 12.00
# Visual Studio Version 17
VisualStudioVersion = 17.0.31903.59
MinimumVisualStudioVersion = 10.0.40219.1
Project("{FAE04EC0-301F-11D3-BF4B-00C04F79EFBC}") = "CyprusTaxCalculator.UI", "CyprusTaxCalculator.UI\CyprusTaxCalculator.UI.csproj", "{B59C80A9-E2BB-4F6B-818F-A59FF260BE86}"
EndProject
Project("{FAE04EC0-301F-11D3-BF4B-00C04F79EFBC}") = "CyprusTaxCalculator.BLL", "CyprusTaxCalculator.BLL\CyprusTaxCalculator.BLL.csproj", "{7A787372-35CA-4A1A-8BBF-AC4F1DF2FE84}"
EndProject
Project("{FAE04EC0-301F-11D3-BF4B-00C04F79EFBC}") = "CyprusTaxCalculator.DAL", "CyprusTaxCalculator.DAL\CyprusTaxCalculator.DAL.csproj", "{262B69BF-0907-4B5D-A702-6C105FFB58A9}"
EndProject
Global
	GlobalSection(SolutionConfigurationPlatforms) = preSolution
		Debug|Any CPU = Debug|Any CPU
		Debug|x64 = Debug|x64
		Debug|x86 = Debug|x86
		Release|Any CPU = Release|Any CPU
		Release|x64 = Release|x64
		Release|x86 = Release|x86
	EndGlobalSection
	GlobalSection(ProjectConfigurationPlatforms) = postSolution
		{B59C80A9-E2BB-4F6B-818F-A59FF260BE86}.Debug|Any CPU.ActiveCfg = Debug|Any CPU
		{B59C80A9-E2BB-4F6B-818F-A59FF260BE86}.Debug|Any CPU.Build.0 = Debug|Any CPU
		{B59C80A9-E2BB-4F6B-818F-A59FF260BE86}.Debug|x64.ActiveCfg = Debug|Any CPU
		{B59C80A9-E2BB-4F6B-818F-A59FF260BE86}.Debug|x64.Build.0 = Debug|Any CPU
		{B59C80A9-E2BB-4F6B-818F-A59FF260BE86}.Debug|x86.ActiveCfg = Debug|Any CPU
		{B59C80A9-E2BB-4F6B-818F-A59FF260BE86}.Debug|x86.Build.0 = Debug|Any CPU
		{B59C80A9-E2BB-4F6B-818F-A59FF260BE86}.Release|Any CPU.ActiveCfg = Release|Any CPU
		{B59C80A9-E2BB-4F6B-818F-A59FF260BE86}.Release|Any CPU.Build.0 = Release|Any CPU
		{B59C80A9-E2BB-4F6B-818F-A59FF260BE86}.Release|x64.ActiveCfg = Release|Any CPU
		{B59C80A9-E2BB-4F6B-818F-A59FF260BE86}.Release|x64.Build.0 = Release|Any CPU
		{B59C80A9-E2BB-4F6B-818F-A59FF260BE86}.Release|x86.ActiveCfg = Release|Any CPU
		{B59C80A9-E2BB-4F6B-818F-A59FF260BE86}.Release|x86.Build.0 = Release|Any CPU
		{7A787372-35CA-4A1A-8BBF-AC4F1DF2FE84}.Debug|Any CPU.ActiveCfg = Debug|Any CPU
		{7A787372-35CA-4A1A-8BBF-AC4F1DF2FE84}.Debug|Any CPU.Build.0 = Debug|Any CPU
		{7A787372-35CA-4A1A-8BBF-AC4F1DF2FE84}.Debug|x64.ActiveCfg = Debug|Any CPU
		{7A787372-35CA-4A1A-8BBF-AC4F1DF2FE84}.Debug|x64.Build.0 = Debug|Any CPU
		{7A787372-35CA-4A1A-8BBF-AC4F1DF2FE84}.Debug|x86.ActiveCfg = Debug|Any CPU
		{7A787372-35CA-4A1A-8BBF-AC4F1DF2FE84}.Debug|x86.Build.0 = Debug|Any CPU
		{7A787372-35CA-4A1A-8BBF-AC4F1DF2FE84}.Release|Any CPU.ActiveCfg = Release|Any CPU
		{7A787372-35CA-4A1A-8BBF-AC4F1DF2FE84}.Release|Any CPU.Build.0 = Release|Any CPU
		{7A787372-35CA-4A1A-8BBF-AC4F1DF2FE84}.Release|x64.ActiveCfg = Release|Any CPU
		{7A787372-35CA-4A1A-8BBF-AC4F1DF2FE84}.Release|x64.Build.0 = Release|Any CPU
		{7A787372-35CA-4A1A-8BBF-AC4F1DF2FE84}.Release|x86.ActiveCfg = Release|Any CPU
		{7A787372-35CA-4A1A-8BBF-AC4F1DF2FE84}.Release|x86.Build.0 = Release|Any CPU
		{262B69BF-0907-4B5D-A702-6C105FFB58A9}.Debug|Any CPU.ActiveCfg = Debug|Any CPU
		{262B69BF-0907-4B5D-A702-6C105FFB58A9}.Debug|Any CPU.Build.0 = Debug|Any CPU
		{262B69BF-0907-4B5D-A702-6C105FFB58A9}.Debug|x64.ActiveCfg = Debug|Any CPU
		{262B69BF-0907-4B5D-A702-6C105FFB58A9}.Debug|x64.Build.0 = Debug|Any CPU
		{262B69BF-0907-4B5D-A702-6C105FFB58A9}.Debug|x86.ActiveCfg = Debug|Any CPU
		{262B69BF-0907-4B5D-A702-6C105FFB58A9}.Debug|x86.Build.0 = Debug|Any CPU
		{262B69BF-0907-4B5D-A702-6C105FFB58A9}.Release|Any CPU.ActiveCfg = Release|Any CPU
		{262B69BF-0907-4B5D-A702-6C105FFB58A9}.Release|Any CPU.Build.0 = Release|Any CPU
		{262B69BF-0907-4B5D-A702-6C105FFB58A9}.Release|x64.ActiveCfg = Release|Any CPU
		{262B69BF-0907-4B5D-A702-6C105FFB58A9}.Release|x64.Build.0 = Release|Any CPU
		{262B69BF-0907-4B5D-A702-6C105FFB58A9}.Release|x86.ActiveCfg = Release|Any CPU
		{262B69BF-0907-4B5D-A702-6C105FFB58A9}.Release|x86.Build.0 = Release|Any CPU
	EndGlobalSection
	GlobalSection(SolutionProperties) = preSolution
		HideSolutionNode = FALSE
	EndGlobalSection
EndGlobal
